
Microsoft Visual Studio Solution File, Format Version 12.00
# Visual Studio Version 17
VisualStudioVersion = 17.13.35806.99 d17.13
MinimumVisualStudioVersion = 10.0.40219.1
Project("{FAE04EC0-301F-11D3-BF4B-00C04F79EFBC}") = "LaboFiles.WPF", "LaboFiles.WPF\LaboFiles.WPF.csproj", "{930077AC-2B6A-421A-BD49-AD9F43D016CE}"
EndProject
Global
	GlobalSection(SolutionConfigurationPlatforms) = preSolution
		Debug|Any CPU = Debug|Any CPU
		Release|Any CPU = Release|Any CPU
	EndGlobalSection
	GlobalSection(ProjectConfigurationPlatforms) = postSolution
		{930077AC-2B6A-421A-BD49-AD9F43D016CE}.Debug|Any CPU.ActiveCfg = Debug|Any CPU
		{930077AC-2B6A-421A-BD49-AD9F43D016CE}.Debug|Any CPU.Build.0 = Debug|Any CPU
		{930077AC-2B6A-421A-BD49-AD9F43D016CE}.Release|Any CPU.ActiveCfg = Release|Any CPU
		{930077AC-2B6A-421A-BD49-AD9F43D016CE}.Release|Any CPU.Build.0 = Release|Any CPU
	EndGlobalSection
	GlobalSection(SolutionProperties) = preSolution
		HideSolutionNode = FALSE
	EndGlobalSection
	GlobalSection(ExtensibilityGlobals) = postSolution
		SolutionGuid = {EFA62CE9-03AF-4B7F-9322-277E84B8D4F3}
	EndGlobalSection
EndGlobal
